
Microsoft Visual Studio Solution File, Format Version 12.00
# Visual Studio 2013
VisualStudioVersion = 12.0.31101.0
MinimumVisualStudioVersion = 10.0.40219.1
Project("{888888A0-9F3D-457C-B088-3A5042F75D52}") = "porting_heaven_cpp_plugin", "porting_heaven_cpp_plugin\porting_heaven_cpp_plugin.pyproj", "{E93FF5DC-5DCD-4AA5-9019-7577C4637808}"
EndProject
Global
	GlobalSection(SolutionConfigurationPlatforms) = preSolution
		Debug|Any CPU = Debug|Any CPU
		Release|Any CPU = Release|Any CPU
	EndGlobalSection
	GlobalSection(ProjectConfigurationPlatforms) = postSolution
		{E93FF5DC-5DCD-4AA5-9019-7577C4637808}.Debug|Any CPU.ActiveCfg = Debug|Any CPU
		{E93FF5DC-5DCD-4AA5-9019-7577C4637808}.Release|Any CPU.ActiveCfg = Release|Any CPU
	EndGlobalSection
	GlobalSection(SolutionProperties) = preSolution
		HideSolutionNode = FALSE
	EndGlobalSection
EndGlobal
